<Solution>
  <Project Path="ASP.NET Core Web API/ASP.NET Core Web API.csproj" />
  <Project Path="PharmaCore.Application/PharmaCore.Application.csproj" />
  <Project Path="PharmaCore.Domain/PharmaCore.Domain.csproj" />
  <Project Path="PharmaCore.Infrastructure/PharmaCore.Infrastructure.csproj" />
</Solution>
